
Microsoft Visual Studio Solution File, Format Version 12.00
# Visual Studio Version 17
VisualStudioVersion = 17.2.32630.192
MinimumVisualStudioVersion = 10.0.40219.1
Project("{9A19103F-16F7-4668-BE54-9A1E7A4F7556}") = "R5T.T0172.Construction", "R5T.T0172.Construction\R5T.T0172.Construction.csproj", "{E6A67C21-5748-4BB6-AB0E-45F3AEEF1610}"
EndProject
Project("{9A19103F-16F7-4668-BE54-9A1E7A4F7556}") = "R5T.T0172", "R5T.T0172\R5T.T0172.csproj", "{7B3C44E8-E5F3-4761-BF10-28394CC26824}"
EndProject
Project("{2150E333-8FDC-42A3-9474-1A3956D46DE8}") = "_Dependencies", "_Dependencies", "{E632C28A-0CBF-4884-A04F-FF66A49EE30D}"
EndProject
Project("{9A19103F-16F7-4668-BE54-9A1E7A4F7556}") = "R5T.T0132", "..\..\R5T.T0132\source\R5T.T0132\R5T.T0132.csproj", "{C6751CB7-3D91-4CAC-9E88-91272CCD3F43}"
EndProject
Project("{9A19103F-16F7-4668-BE54-9A1E7A4F7556}") = "R5T.T0143", "..\..\R5T.T0143\source\R5T.T0143\R5T.T0143.csproj", "{E5BA5189-0D33-4EF2-9B0B-B8A591F88B26}"
EndProject
Project("{9A19103F-16F7-4668-BE54-9A1E7A4F7556}") = "R5T.T0150", "..\..\R5T.T0150\source\R5T.T0150\R5T.T0150.csproj", "{5F6C5D1F-6404-4B0A-93F3-4C5E022958B0}"
EndProject
Project("{9A19103F-16F7-4668-BE54-9A1E7A4F7556}") = "R5T.T0151", "..\..\R5T.T0151\source\R5T.T0151\R5T.T0151.csproj", "{9918280A-5509-44B3-AF8D-506062BA038B}"
EndProject
Project("{9A19103F-16F7-4668-BE54-9A1E7A4F7556}") = "R5T.T0142", "..\..\R5T.T0142\source\R5T.T0142\R5T.T0142.csproj", "{35B8CF69-1908-4AA4-B357-A96A2057A55F}"
EndProject
Project("{9A19103F-16F7-4668-BE54-9A1E7A4F7556}") = "R5T.T0178", "..\..\R5T.T0178\source\R5T.T0178\R5T.T0178.csproj", "{22246A1C-86A8-433B-BE69-2AB41CDE71AE}"
EndProject
Project("{9A19103F-16F7-4668-BE54-9A1E7A4F7556}") = "R5T.T0179", "..\..\R5T.T0179\source\R5T.T0179\R5T.T0179.csproj", "{99E32742-8B70-4F79-849A-ED21D90C48BA}"
EndProject
Project("{9A19103F-16F7-4668-BE54-9A1E7A4F7556}") = "R5T.T0180", "..\..\R5T.T0180\source\R5T.T0180\R5T.T0180.csproj", "{22EBE779-90C7-400E-BD5F-903808B63E02}"
EndProject
Project("{9A19103F-16F7-4668-BE54-9A1E7A4F7556}") = "R5T.T0181", "..\..\R5T.T0181\source\R5T.T0181\R5T.T0181.csproj", "{557169CE-4812-4206-ACCC-9F5BBEA64205}"
EndProject
Global
	GlobalSection(NestedProjects) = preSolution
		{C6751CB7-3D91-4CAC-9E88-91272CCD3F43} = {E632C28A-0CBF-4884-A04F-FF66A49EE30D}
		{E5BA5189-0D33-4EF2-9B0B-B8A591F88B26} = {E632C28A-0CBF-4884-A04F-FF66A49EE30D}
		{5F6C5D1F-6404-4B0A-93F3-4C5E022958B0} = {E632C28A-0CBF-4884-A04F-FF66A49EE30D}
		{9918280A-5509-44B3-AF8D-506062BA038B} = {E632C28A-0CBF-4884-A04F-FF66A49EE30D}
		{35B8CF69-1908-4AA4-B357-A96A2057A55F} = {E632C28A-0CBF-4884-A04F-FF66A49EE30D}
		{22246A1C-86A8-433B-BE69-2AB41CDE71AE} = {E632C28A-0CBF-4884-A04F-FF66A49EE30D}
		{99E32742-8B70-4F79-849A-ED21D90C48BA} = {E632C28A-0CBF-4884-A04F-FF66A49EE30D}
		{22EBE779-90C7-400E-BD5F-903808B63E02} = {E632C28A-0CBF-4884-A04F-FF66A49EE30D}
		{557169CE-4812-4206-ACCC-9F5BBEA64205} = {E632C28A-0CBF-4884-A04F-FF66A49EE30D}
	EndGlobalSection
	GlobalSection(SolutionConfigurationPlatforms) = preSolution
		Debug|Any CPU = Debug|Any CPU
		Release|Any CPU = Release|Any CPU
	EndGlobalSection
	GlobalSection(ProjectConfigurationPlatforms) = postSolution
		{E6A67C21-5748-4BB6-AB0E-45F3AEEF1610}.Debug|Any CPU.ActiveCfg = Debug|Any CPU
		{E6A67C21-5748-4BB6-AB0E-45F3AEEF1610}.Debug|Any CPU.Build.0 = Debug|Any CPU
		{E6A67C21-5748-4BB6-AB0E-45F3AEEF1610}.Release|Any CPU.ActiveCfg = Release|Any CPU
		{E6A67C21-5748-4BB6-AB0E-45F3AEEF1610}.Release|Any CPU.Build.0 = Release|Any CPU
		{7B3C44E8-E5F3-4761-BF10-28394CC26824}.Debug|Any CPU.ActiveCfg = Debug|Any CPU
		{7B3C44E8-E5F3-4761-BF10-28394CC26824}.Debug|Any CPU.Build.0 = Debug|Any CPU
		{7B3C44E8-E5F3-4761-BF10-28394CC26824}.Release|Any CPU.ActiveCfg = Release|Any CPU
		{7B3C44E8-E5F3-4761-BF10-28394CC26824}.Release|Any CPU.Build.0 = Release|Any CPU
		{C6751CB7-3D91-4CAC-9E88-91272CCD3F43}.Debug|Any CPU.ActiveCfg = Debug|Any CPU
		{C6751CB7-3D91-4CAC-9E88-91272CCD3F43}.Debug|Any CPU.Build.0 = Debug|Any CPU
		{C6751CB7-3D91-4CAC-9E88-91272CCD3F43}.Release|Any CPU.ActiveCfg = Release|Any CPU
		{C6751CB7-3D91-4CAC-9E88-91272CCD3F43}.Release|Any CPU.Build.0 = Release|Any CPU
		{E5BA5189-0D33-4EF2-9B0B-B8A591F88B26}.Debug|Any CPU.ActiveCfg = Debug|Any CPU
		{E5BA5189-0D33-4EF2-9B0B-B8A591F88B26}.Debug|Any CPU.Build.0 = Debug|Any CPU
		{E5BA5189-0D33-4EF2-9B0B-B8A591F88B26}.Release|Any CPU.ActiveCfg = Release|Any CPU
		{E5BA5189-0D33-4EF2-9B0B-B8A591F88B26}.Release|Any CPU.Build.0 = Release|Any CPU
		{5F6C5D1F-6404-4B0A-93F3-4C5E022958B0}.Debug|Any CPU.ActiveCfg = Debug|Any CPU
		{5F6C5D1F-6404-4B0A-93F3-4C5E022958B0}.Debug|Any CPU.Build.0 = Debug|Any CPU
		{5F6C5D1F-6404-4B0A-93F3-4C5E022958B0}.Release|Any CPU.ActiveCfg = Release|Any CPU
		{5F6C5D1F-6404-4B0A-93F3-4C5E022958B0}.Release|Any CPU.Build.0 = Release|Any CPU
		{9918280A-5509-44B3-AF8D-506062BA038B}.Debug|Any CPU.ActiveCfg = Debug|Any CPU
		{9918280A-5509-44B3-AF8D-506062BA038B}.Debug|Any CPU.Build.0 = Debug|Any CPU
		{9918280A-5509-44B3-AF8D-506062BA038B}.Release|Any CPU.ActiveCfg = Release|Any CPU
		{9918280A-5509-44B3-AF8D-506062BA038B}.Release|Any CPU.Build.0 = Release|Any CPU
		{35B8CF69-1908-4AA4-B357-A96A2057A55F}.Debug|Any CPU.ActiveCfg = Debug|Any CPU
		{35B8CF69-1908-4AA4-B357-A96A2057A55F}.Debug|Any CPU.Build.0 = Debug|Any CPU
		{35B8CF69-1908-4AA4-B357-A96A2057A55F}.Release|Any CPU.ActiveCfg = Release|Any CPU
		{35B8CF69-1908-4AA4-B357-A96A2057A55F}.Release|Any CPU.Build.0 = Release|Any CPU
		{22246A1C-86A8-433B-BE69-2AB41CDE71AE}.Debug|Any CPU.ActiveCfg = Debug|Any CPU
		{22246A1C-86A8-433B-BE69-2AB41CDE71AE}.Debug|Any CPU.Build.0 = Debug|Any CPU
		{22246A1C-86A8-433B-BE69-2AB41CDE71AE}.Release|Any CPU.ActiveCfg = Release|Any CPU
		{22246A1C-86A8-433B-BE69-2AB41CDE71AE}.Release|Any CPU.Build.0 = Release|Any CPU
		{99E32742-8B70-4F79-849A-ED21D90C48BA}.Debug|Any CPU.ActiveCfg = Debug|Any CPU
		{99E32742-8B70-4F79-849A-ED21D90C48BA}.Debug|Any CPU.Build.0 = Debug|Any CPU
		{99E32742-8B70-4F79-849A-ED21D90C48BA}.Release|Any CPU.ActiveCfg = Release|Any CPU
		{99E32742-8B70-4F79-849A-ED21D90C48BA}.Release|Any CPU.Build.0 = Release|Any CPU
		{22EBE779-90C7-400E-BD5F-903808B63E02}.Debug|Any CPU.ActiveCfg = Debug|Any CPU
		{22EBE779-90C7-400E-BD5F-903808B63E02}.Debug|Any CPU.Build.0 = Debug|Any CPU
		{22EBE779-90C7-400E-BD5F-903808B63E02}.Release|Any CPU.ActiveCfg = Release|Any CPU
		{22EBE779-90C7-400E-BD5F-903808B63E02}.Release|Any CPU.Build.0 = Release|Any CPU
		{557169CE-4812-4206-ACCC-9F5BBEA64205}.Debug|Any CPU.ActiveCfg = Debug|Any CPU
		{557169CE-4812-4206-ACCC-9F5BBEA64205}.Debug|Any CPU.Build.0 = Debug|Any CPU
		{557169CE-4812-4206-ACCC-9F5BBEA64205}.Release|Any CPU.ActiveCfg = Release|Any CPU
		{557169CE-4812-4206-ACCC-9F5BBEA64205}.Release|Any CPU.Build.0 = Release|Any CPU
	EndGlobalSection
	GlobalSection(SolutionProperties) = preSolution
		HideSolutionNode = FALSE
	EndGlobalSection
	GlobalSection(ExtensibilityGlobals) = postSolution
		SolutionGuid = {1336CCF7-AD8F-49C8-A965-49F7B83DF039}
	EndGlobalSection
EndGlobal
