
Microsoft Visual Studio Solution File, Format Version 12.00
# Visual Studio Version 17
VisualStudioVersion = 17.2.32630.192
MinimumVisualStudioVersion = 10.0.40219.1
Project("{9A19103F-16F7-4668-BE54-9A1E7A4F7556}") = "R5T.T0172", "R5T.T0172\R5T.T0172.csproj", "{A6270626-380C-492B-AE32-B5F5FFD5966A}"
EndProject
Global
	GlobalSection(SolutionConfigurationPlatforms) = preSolution
		Debug|Any CPU = Debug|Any CPU
		Release|Any CPU = Release|Any CPU
	EndGlobalSection
	GlobalSection(ProjectConfigurationPlatforms) = postSolution
		{A6270626-380C-492B-AE32-B5F5FFD5966A}.Debug|Any CPU.ActiveCfg = Debug|Any CPU
		{A6270626-380C-492B-AE32-B5F5FFD5966A}.Debug|Any CPU.Build.0 = Debug|Any CPU
		{A6270626-380C-492B-AE32-B5F5FFD5966A}.Release|Any CPU.ActiveCfg = Release|Any CPU
		{A6270626-380C-492B-AE32-B5F5FFD5966A}.Release|Any CPU.Build.0 = Release|Any CPU
	EndGlobalSection
	GlobalSection(SolutionProperties) = preSolution
		HideSolutionNode = FALSE
	EndGlobalSection
	GlobalSection(ExtensibilityGlobals) = postSolution
		SolutionGuid = {29C68A4C-B89B-452B-A2D4-E1C7C15CC3F0}
	EndGlobalSection
EndGlobal
